
Microsoft Visual Studio Solution File, Format Version 12.00
# Visual Studio Version 17
VisualStudioVersion = 17.7.34024.191
MinimumVisualStudioVersion = 10.0.40219.1
Project("{FAE04EC0-301F-11D3-BF4B-00C04F79EFBC}") = "C#program", "C#program\C#program.csproj", "{92C4973D-157D-43C0-B559-0E135E93A6AD}"
EndProject
Global
	GlobalSection(SolutionConfigurationPlatforms) = preSolution
		Debug|Any CPU = Debug|Any CPU
		Release|Any CPU = Release|Any CPU
	EndGlobalSection
	GlobalSection(ProjectConfigurationPlatforms) = postSolution
		{92C4973D-157D-43C0-B559-0E135E93A6AD}.Debug|Any CPU.ActiveCfg = Debug|Any CPU
		{92C4973D-157D-43C0-B559-0E135E93A6AD}.Debug|Any CPU.Build.0 = Debug|Any CPU
		{92C4973D-157D-43C0-B559-0E135E93A6AD}.Release|Any CPU.ActiveCfg = Release|Any CPU
		{92C4973D-157D-43C0-B559-0E135E93A6AD}.Release|Any CPU.Build.0 = Release|Any CPU
	EndGlobalSection
	GlobalSection(SolutionProperties) = preSolution
		HideSolutionNode = FALSE
	EndGlobalSection
	GlobalSection(ExtensibilityGlobals) = postSolution
		SolutionGuid = {C78CD497-D9B1-49EB-95AF-6056B271D812}
	EndGlobalSection
EndGlobal
